lockfileVersion: '9.0'

settings:
  autoInstallPeers: true
  excludeLinksFromLockfile: false

importers:

  .:
    devDependencies:
      '@zeppos/device-types':
        specifier: ^3.0.0
        version: 3.0.0

packages:

  '@zeppos/device-types@3.0.0':
    resolution: {integrity: sha512-vFd880TxkAaSO2QmLBFIzS0zUXnwRDXlM4FZTdpOgotKpshokOwSTtzIeysf3TIMFSh/wFdbGkkYrUyRxR9w8Q==}

snapshots:

  '@zeppos/device-types@3.0.0': {}
